<?xml version="1.0" encoding="UTF-8" standalone="yes" ?>
<CodeBlocks_project_file>
	<FileVersion major="1" minor="6" />
	<Project>
		<Option title="unJeuVideal" />
		<Option pch_mode="2" />
		<Option compiler="gcc" />
		<Build>
			<Target title="Debug">
				<Option output="bin/Debug/unJeuVideal" prefix_auto="1" extension_auto="1" />
				<Option object_output="obj/Debug/" />
				<Option type="1" />
				<Option compiler="gcc" />
				<Compiler>
					<Add option="-g" />
					<Add directory="include" />
					<Add directory="C:/Program Files (x86)/CodeBlocks/SFML-2.5.1/include" />
				</Compiler>
				<Linker>
					<Add library="sfml-graphics-d" />
					<Add library="sfml-window-d" />
					<Add library="sfml-system-d" />
					<Add directory="C:/Program Files (x86)/CodeBlocks/SFML-2.5.1/lib" />
				</Linker>
			</Target>
			<Target title="Release">
				<Option output="bin/Release/unJeuVideal" prefix_auto="1" extension_auto="1" />
				<Option object_output="obj/Release/" />
				<Option type="1" />
				<Option compiler="gcc" />
				<Compiler>
					<Add option="-O2" />
					<Add option="-std=c++14" />
					<Add directory="include" />
					<Add directory="src/md_Item" />
					<Add directory="C:/Program Files (x86)/CodeBlocks/SFML-2.5.1/include" />
				</Compiler>
				<Linker>
					<Add option="-s" />
					<Add library="sfml-graphics" />
					<Add library="sfml-window" />
					<Add library="sfml-system" />
					<Add directory="C:/Program Files (x86)/CodeBlocks/SFML-2.5.1/lib" />
				</Linker>
			</Target>
		</Build>
		<Compiler>
			<Add option="-Wall" />
			<Add option="-fexceptions" />
			<Add directory="C:/Program Files (x86)/CodeBlocks/SFML-2.5.1/include" />
		</Compiler>
		<Linker>
			<Add library="sfml-graphics" />
			<Add library="sfml-window" />
			<Add library="sfml-system" />
			<Add directory="C:/Program Files (x86)/CodeBlocks/SFML-2.5.1/lib" />
		</Linker>
		<Unit filename="Images/Brawler_back.png" />
		<Unit filename="Images/Elf-list.png" />
		<Unit filename="Images/Elf.png" />
		<Unit filename="Images/Elf_back.png" />
		<Unit filename="Images/Healer_back.png" />
		<Unit filename="Images/Orc-list.png" />
		<Unit filename="Images/Orc.png" />
		<Unit filename="Images/Orc_back.png" />
		<Unit filename="Images/Ranger_back.png" />
		<Unit filename="Images/Skeleton.png" />
		<Unit filename="Images/Skeleton_back.png" />
		<Unit filename="Images/Wizard-face.png" />
		<Unit filename="Images/Wizard.png" />
		<Unit filename="Images/Wizard_back.png" />
		<Unit filename="Images/brawler-list.png" />
		<Unit filename="Images/brawler.png" />
		<Unit filename="Images/calibri.ttf" />
		<Unit filename="Images/healer-list.png" />
		<Unit filename="Images/healer.png" />
		<Unit filename="Images/icon_Brawler.png" />
		<Unit filename="Images/icon_Elf.png" />
		<Unit filename="Images/icon_Healer.png" />
		<Unit filename="Images/icon_Orc.png" />
		<Unit filename="Images/icon_Ranger.png" />
		<Unit filename="Images/icon_Skeleton.png" />
		<Unit filename="Images/icon_Wizard.png" />
		<Unit filename="Images/landscape.jpeg" />
		<Unit filename="Images/ranger-list.png" />
		<Unit filename="Images/ranger.png" />
		<Unit filename="Images/skeleton-list.png" />
		<Unit filename="include/Attack.h" />
		<Unit filename="include/Character.h" />
		<Unit filename="include/Game.h" />
		<Unit filename="include/Menu.h" />
		<Unit filename="include/Team.h" />
		<Unit filename="main.cpp" />
		<Unit filename="src/View/Game.cpp" />
		<Unit filename="src/View/Menu.cpp" />
		<Unit filename="src/md_Attack_Strategy/Attack.cpp" />
		<Unit filename="src/md_Character/Character.cpp" />
		<Unit filename="src/md_Character/Team.cpp" />
		<Extensions>
			<code_completion />
			<envvars />
			<debugger />
			<lib_finder disable_auto="1" />
		</Extensions>
	</Project>
</CodeBlocks_project_file>
